
Microsoft Visual Studio Solution File, Format Version 12.00
# Visual Studio 14
VisualStudioVersion = 14.0.25420.1
MinimumVisualStudioVersion = 10.0.40219.1
Project("{8BB2217D-0F2D-49D1-97BC-3654ED321F3B}") = "PinoyCode.Cqrs", "lib\PinoyCode.Cqrs\PinoyCode.Cqrs.xproj", "{E8E02981-0866-4E7B-A2CA-A50D62D02523}"
EndProject
Project("{8BB2217D-0F2D-49D1-97BC-3654ED321F3B}") = "PinoyCode.Data", "lib\PinoyCode.Data\PinoyCode.Data.xproj", "{DA1F4355-8145-4275-B8F5-05B29228A991}"
EndProject
Project("{8BB2217D-0F2D-49D1-97BC-3654ED321F3B}") = "PinoyCode.Domain.Identity", "lib\PinoyCode.Domain.Identity\PinoyCode.Domain.Identity.xproj", "{02977718-50F3-430D-9010-7F0399351D69}"
EndProject
Project("{2150E333-8FDC-42A3-9474-1A3956D46DE8}") = "lib", "lib", "{41DABBEB-77ED-4104-BCDD-73768CF60CF8}"
EndProject
Project("{2150E333-8FDC-42A3-9474-1A3956D46DE8}") = "Presentation", "Presentation", "{E4AAE413-46EB-4A19-A954-F55449B91F3F}"
EndProject
Project("{8BB2217D-0F2D-49D1-97BC-3654ED321F3B}") = "PinoyCode.Web", "Presentation\PinoyCode.Web\PinoyCode.Web.xproj", "{19EA5E1C-F86E-43F0-B0D2-DBC38F0AADB8}"
EndProject
Project("{2150E333-8FDC-42A3-9474-1A3956D46DE8}") = "Solution Items", "Solution Items", "{54C57276-487A-4345-96E4-70197A563B12}"
	ProjectSection(SolutionItems) = preProject
		global.json = global.json
	EndProjectSection
EndProject
Project("{8BB2217D-0F2D-49D1-97BC-3654ED321F3B}") = "PinoyCode.Domain.Ads", "lib\PinoyCode.Domain.Ads\PinoyCode.Domain.Ads.xproj", "{5DCBE0EA-7A03-448A-8F64-0FAA0588EB75}"
EndProject
Project("{2150E333-8FDC-42A3-9474-1A3956D46DE8}") = "src", "src", "{4C2E042D-CA43-4338-A02C-4A00A3BA4467}"
EndProject
Global
	GlobalSection(SolutionConfigurationPlatforms) = preSolution
		Debug|Any CPU = Debug|Any CPU
		Release|Any CPU = Release|Any CPU
	EndGlobalSection
	GlobalSection(ProjectConfigurationPlatforms) = postSolution
		{E8E02981-0866-4E7B-A2CA-A50D62D02523}.Debug|Any CPU.ActiveCfg = Debug|Any CPU
		{E8E02981-0866-4E7B-A2CA-A50D62D02523}.Debug|Any CPU.Build.0 = Debug|Any CPU
		{E8E02981-0866-4E7B-A2CA-A50D62D02523}.Release|Any CPU.ActiveCfg = Release|Any CPU
		{E8E02981-0866-4E7B-A2CA-A50D62D02523}.Release|Any CPU.Build.0 = Release|Any CPU
		{DA1F4355-8145-4275-B8F5-05B29228A991}.Debug|Any CPU.ActiveCfg = Debug|Any CPU
		{DA1F4355-8145-4275-B8F5-05B29228A991}.Debug|Any CPU.Build.0 = Debug|Any CPU
		{DA1F4355-8145-4275-B8F5-05B29228A991}.Release|Any CPU.ActiveCfg = Release|Any CPU
		{DA1F4355-8145-4275-B8F5-05B29228A991}.Release|Any CPU.Build.0 = Release|Any CPU
		{02977718-50F3-430D-9010-7F0399351D69}.Debug|Any CPU.ActiveCfg = Debug|Any CPU
		{02977718-50F3-430D-9010-7F0399351D69}.Debug|Any CPU.Build.0 = Debug|Any CPU
		{02977718-50F3-430D-9010-7F0399351D69}.Release|Any CPU.ActiveCfg = Release|Any CPU
		{02977718-50F3-430D-9010-7F0399351D69}.Release|Any CPU.Build.0 = Release|Any CPU
		{19EA5E1C-F86E-43F0-B0D2-DBC38F0AADB8}.Debug|Any CPU.ActiveCfg = Debug|Any CPU
		{19EA5E1C-F86E-43F0-B0D2-DBC38F0AADB8}.Debug|Any CPU.Build.0 = Debug|Any CPU
		{19EA5E1C-F86E-43F0-B0D2-DBC38F0AADB8}.Release|Any CPU.ActiveCfg = Release|Any CPU
		{19EA5E1C-F86E-43F0-B0D2-DBC38F0AADB8}.Release|Any CPU.Build.0 = Release|Any CPU
		{5DCBE0EA-7A03-448A-8F64-0FAA0588EB75}.Debug|Any CPU.ActiveCfg = Debug|Any CPU
		{5DCBE0EA-7A03-448A-8F64-0FAA0588EB75}.Debug|Any CPU.Build.0 = Debug|Any CPU
		{5DCBE0EA-7A03-448A-8F64-0FAA0588EB75}.Release|Any CPU.ActiveCfg = Release|Any CPU
		{5DCBE0EA-7A03-448A-8F64-0FAA0588EB75}.Release|Any CPU.Build.0 = Release|Any CPU
	EndGlobalSection
	GlobalSection(SolutionProperties) = preSolution
		HideSolutionNode = FALSE
	EndGlobalSection
	GlobalSection(NestedProjects) = preSolution
		{E8E02981-0866-4E7B-A2CA-A50D62D02523} = {41DABBEB-77ED-4104-BCDD-73768CF60CF8}
		{DA1F4355-8145-4275-B8F5-05B29228A991} = {41DABBEB-77ED-4104-BCDD-73768CF60CF8}
		{02977718-50F3-430D-9010-7F0399351D69} = {41DABBEB-77ED-4104-BCDD-73768CF60CF8}
		{19EA5E1C-F86E-43F0-B0D2-DBC38F0AADB8} = {E4AAE413-46EB-4A19-A954-F55449B91F3F}
		{5DCBE0EA-7A03-448A-8F64-0FAA0588EB75} = {41DABBEB-77ED-4104-BCDD-73768CF60CF8}
	EndGlobalSection
EndGlobal
